
Microsoft Visual Studio Solution File, Format Version 12.00
Project("{FAE04EC0-301F-11D3-BF4B-00C04F79EFBC}") = "AutoShop.WebUI", "AutoShop.WebUI\AutoShop.WebUI.csproj", "{03C5D2E1-6772-4720-8FAA-2D27A89CB871}"
EndProject
Global
	GlobalSection(SolutionConfigurationPlatforms) = preSolution
		Debug|Any CPU = Debug|Any CPU
		Release|Any CPU = Release|Any CPU
	EndGlobalSection
	GlobalSection(ProjectConfigurationPlatforms) = postSolution
		{03C5D2E1-6772-4720-8FAA-2D27A89CB871}.Debug|Any CPU.ActiveCfg = Debug|Any CPU
		{03C5D2E1-6772-4720-8FAA-2D27A89CB871}.Debug|Any CPU.Build.0 = Debug|Any CPU
		{03C5D2E1-6772-4720-8FAA-2D27A89CB871}.Release|Any CPU.ActiveCfg = Release|Any CPU
		{03C5D2E1-6772-4720-8FAA-2D27A89CB871}.Release|Any CPU.Build.0 = Release|Any CPU
	EndGlobalSection
EndGlobal
